
Microsoft Visual Studio Solution File, Format Version 12.00
# Visual Studio Version 16
VisualStudioVersion = 16.0.33214.272
MinimumVisualStudioVersion = 10.0.40219.1
Project("{FAE04EC0-301F-11D3-BF4B-00C04F79EFBC}") = "ProcessHollow", "ProcessHollow.csproj", "{6002735B-B537-432A-A17D-4336CBE2C2BF}"
EndProject
Global
	GlobalSection(SolutionConfigurationPlatforms) = preSolution
		Debug|Any CPU = Debug|Any CPU
		Debug|x64 = Debug|x64
		Release|Any CPU = Release|Any CPU
		Release|x64 = Release|x64
	EndGlobalSection
	GlobalSection(ProjectConfigurationPlatforms) = postSolution
		{6002735B-B537-432A-A17D-4336CBE2C2BF}.Debug|Any CPU.ActiveCfg = Debug|Any CPU
		{6002735B-B537-432A-A17D-4336CBE2C2BF}.Debug|Any CPU.Build.0 = Debug|Any CPU
		{6002735B-B537-432A-A17D-4336CBE2C2BF}.Debug|x64.ActiveCfg = Debug|x64
		{6002735B-B537-432A-A17D-4336CBE2C2BF}.Debug|x64.Build.0 = Debug|x64
		{6002735B-B537-432A-A17D-4336CBE2C2BF}.Release|Any CPU.ActiveCfg = Release|Any CPU
		{6002735B-B537-432A-A17D-4336CBE2C2BF}.Release|Any CPU.Build.0 = Release|Any CPU
		{6002735B-B537-432A-A17D-4336CBE2C2BF}.Release|x64.ActiveCfg = Release|x64
		{6002735B-B537-432A-A17D-4336CBE2C2BF}.Release|x64.Build.0 = Release|x64
	EndGlobalSection
	GlobalSection(SolutionProperties) = preSolution
		HideSolutionNode = FALSE
	EndGlobalSection
	GlobalSection(ExtensibilityGlobals) = postSolution
		SolutionGuid = {E89E9412-CEF8-4831-AF1B-1EE37B34BB28}
	EndGlobalSection
EndGlobal
